{
    "_readme": [
        "This file locks the dependencies of your project to a known state",
        "Read more about it at https://getcomposer.org/doc/01-basic-usage.md#composer-lock-the-lock-file",
        "This file is @generated automatically"
    ],
    "hash": "6c44e322d82553df61f415563bcb28f4",
    "content-hash": "737346f644cf3347e59b8122942e7423",
    "packages": [
        {
            "name": "sepia/po-parser",
            "version": "4.2.1",
            "source": {
                "type": "git",
                "url": "https://github.com/raulferras/PHP-po-parser.git",
                "reference": "4906b3bc357e1028b84c3cb0ee1d1d1970a21fbb"
            },
            "dist": {
                "type": "zip",
                "url": "https://api.github.com/repos/raulferras/PHP-po-parser/zipball/4906b3bc357e1028b84c3cb0ee1d1d1970a21fbb",
                "reference": "4906b3bc357e1028b84c3cb0ee1d1d1970a21fbb",
                "shasum": ""
            },
            "require": {
                "php": ">=5.3.0"
            },
            "require-dev": {
                "phpunit/phpunit": "3.7.*",
                "squizlabs/php_codesniffer": "1.5.*"
            },
            "type": "library",
            "autoload": {
                "psr-0": {
                    "Sepia": "src/"
                }
            },
            "notification-url": "https://packagist.org/downloads/",
            "license": [
                "MIT"
            ],
            "authors": [
                {
                    "name": "Raúl Ferràs",
                    "email": "raul.ferras@gmail.com",
                    "role": "developer"
                }
            ],
            "description": "Gettext *.PO file parser for PHP.",
            "homepage": "https://github.com/raulferras/PHP-po-parser",
            "keywords": [
                "gettext",
                "i10n",
                "i18n",
                "po"
            ],
            "time": "2015-06-09 08:01:21"
        }
    ],
    "packages-dev": [],
    "aliases": [],
    "minimum-stability": "stable",
    "stability-flags": [],
    "prefer-stable": false,
    "prefer-lowest": false,
    "platform": [],
    "platform-dev": []
}
